
Microsoft Visual Studio Solution File, Format Version 12.00
# Visual Studio 15
VisualStudioVersion = 15.0.28307.1062
MinimumVisualStudioVersion = 10.0.40219.1
Project("{9A19103F-16F7-4668-BE54-9A1E7A4F7556}") = "ToastNotifier", "ToastNotifier\ToastNotifier.csproj", "{B2F4A4D5-FC7F-468D-A1D6-BF349E131CEB}"
EndProject
Project("{FAE04EC0-301F-11D3-BF4B-00C04F79EFBC}") = "ToastNotifier.Tests", "ToastNotifier.Tests\ToastNotifier.Tests.csproj", "{F6F661E0-4B1E-407B-B2C9-93DEABC7FC58}"
EndProject
Global
	GlobalSection(SolutionConfigurationPlatforms) = preSolution
		Debug|Any CPU = Debug|Any CPU
		Release|Any CPU = Release|Any CPU
	EndGlobalSection
	GlobalSection(ProjectConfigurationPlatforms) = postSolution
		{B2F4A4D5-FC7F-468D-A1D6-BF349E131CEB}.Debug|Any CPU.ActiveCfg = Debug|Any CPU
		{B2F4A4D5-FC7F-468D-A1D6-BF349E131CEB}.Debug|Any CPU.Build.0 = Debug|Any CPU
		{B2F4A4D5-FC7F-468D-A1D6-BF349E131CEB}.Release|Any CPU.ActiveCfg = Release|Any CPU
		{B2F4A4D5-FC7F-468D-A1D6-BF349E131CEB}.Release|Any CPU.Build.0 = Release|Any CPU
		{F6F661E0-4B1E-407B-B2C9-93DEABC7FC58}.Debug|Any CPU.ActiveCfg = Debug|Any CPU
		{F6F661E0-4B1E-407B-B2C9-93DEABC7FC58}.Debug|Any CPU.Build.0 = Debug|Any CPU
		{F6F661E0-4B1E-407B-B2C9-93DEABC7FC58}.Release|Any CPU.ActiveCfg = Release|Any CPU
		{F6F661E0-4B1E-407B-B2C9-93DEABC7FC58}.Release|Any CPU.Build.0 = Release|Any CPU
	EndGlobalSection
	GlobalSection(SolutionProperties) = preSolution
		HideSolutionNode = FALSE
	EndGlobalSection
	GlobalSection(ExtensibilityGlobals) = postSolution
		SolutionGuid = {8E38D9AB-78F0-43A7-B848-16AF25B9D30E}
	EndGlobalSection
EndGlobal
